# This file was autogenerated by Stack.
# You should not edit this file by hand.
# For more information, please see the documentation at:
#   https://docs.haskellstack.org/en/stable/lock_files

packages:
- completed:
    hackage: acc-0.1.3@sha256:8c63dda349e4b37bb8de1977bc35db05d77c34fa85becb09dcb7e29bc00d52f9,3806
    pantry-tree:
      size: 499
      sha256: fef5cfe3383d092f512a28f6031f9bd532763e1e66e7d0ae8be182cd6b4880fd
  original:
    hackage: acc-0.1.3
- completed:
    hackage: aeson-1.5.4.1@sha256:6e4da18b16c1a9fb399f5544a357be7c82fe7c4300197de64928cb527b67957a,6906
    pantry-tree:
      size: 39759
      sha256: a9e0bac9f9c77f8667b02359ab68c669af560d201f065f600708147c0ececdf0
  original:
    hackage: aeson-1.5.4.1
- completed:
    hackage: aeson-value-parser-0.19.4@sha256:7c0d77637d85fdb635924c9af38c012652ab521e8ae19f263216d33ef8d3c074,2078
    pantry-tree:
      size: 454
      sha256: 14aaca2757e62378062dfd6f91f56952bd3e6d4573f93aa046a2091bd58c6c0d
  original:
    hackage: aeson-value-parser-0.19.4
- completed:
    hackage: ascii-string-1.0.1.3@sha256:22344636f714270e8de219959267da8b06263922fa28a31c949fb3af8658561b,2584
    pantry-tree:
      size: 413
      sha256: f7dcb359ae8f5f5c7f12b4842d2c232a2d7994db2975a8166236fab60281b20b
  original:
    hackage: ascii-string-1.0.1.3
- completed:
    hackage: attoparsec-data-1.0.5@sha256:763e4d773371acf15b86547276e649e1857d5e3b72cdfdb6f8dbe91f7e3518c8,1533
    pantry-tree:
      size: 527
      sha256: 292cd820fcd7e0963b913aeef5ca031832266c8e4e3ba7e6d2a60bb7f55df5fc
  original:
    hackage: attoparsec-data-1.0.5
- completed:
    hackage: attoparsec-time-1.0.1.1@sha256:7254ee92d32a5e9c95ac1f570b0a2cea34003428b01b2f50f9b96dd71339355d,1650
    pantry-tree:
      size: 535
      sha256: ff145cdd9b06a99080e8bf99a62ba18f3d744b005c6808d547b1da316b7dac6d
  original:
    hackage: attoparsec-time-1.0.1.1
- completed:
    hackage: bug-1.0.1@sha256:a516df91c7330d350480a7d338af645f173d1e767450c5f94295020f11c8432c,1395
    pantry-tree:
      size: 266
      sha256: 43405b9fbc2819e7f6bda450a3668fa7314c6b5482d26015831fcc54d680f604
  original:
    hackage: bug-1.0.1
- completed:
    hackage: byteslice-0.2.3.0@sha256:3ebcc77f8ac9fec3ca1a8304e66cfe0a1590c9272b768f2b19637e06de00bf6d,2014
    pantry-tree:
      size: 1095
      sha256: 9ada4e1c418e8d9029edefdf664c64ff419ed1f02564e5a0dd28dd03e1e716a6
  original:
    hackage: byteslice-0.2.3.0
- completed:
    hackage: bytesmith-0.3.6.0@sha256:5da57827cf5cd6641691289244f64e646b1b220e5d12bfe468651c8f691608f9,1804
    pantry-tree:
      size: 1039
      sha256: a7a251863b756e0b8b346d739a74b20c3a62d95c910b69010fa03c101e37a4b7
  original:
    hackage: bytesmith-0.3.6.0
- completed:
    hackage: cereal-data-dword-0.1.1@sha256:a3fa6dfafaeeb3774c5888dfa601d561ce05b0af66f52859970247e58135d47e,1381
    pantry-tree:
      size: 456
      sha256: 520aa5f59b55c14d27115a801f499f940a563849b0c54876bcd6be41f6450713
  original:
    hackage: cereal-data-dword-0.1.1
- completed:
    hackage: cereal-unordered-containers-0.1@sha256:e47c65f76633248fccdea1f38de952473edf7a28cf05af38e64b681a47305c92,1544
    pantry-tree:
      size: 604
      sha256: 1240e61d89fa70c65636995919674b5bc55bc33a719e555fa4ec8950a91eb6e5
  original:
    hackage: cereal-unordered-containers-0.1
- completed:
    hackage: cereal-uuid-0.1.1@sha256:a94078b19577e78ab27a624383bfa4c83b93c86c1fd597a5a31dfc2ecec84353,1326
    pantry-tree:
      size: 430
      sha256: f86bf656f42ed6265f028e21a26adc990be95249dc9af1e8fc851feea0799c55
  original:
    hackage: cereal-uuid-0.1.1
- completed:
    hackage: char-qq-0.1.1.1@sha256:7910cdca00879ed5581c31cf60a0789efa29e1bf0b98bd99766f3b54ae943881,1675
    pantry-tree:
      size: 457
      sha256: 60ca2fa70307b5ba26e4d644ca2d47ceb39f4c5203a56f0edc462e1efb3cad91
  original:
    hackage: char-qq-0.1.1.1
- completed:
    hackage: charsetdetect-1.1.0.2@sha256:f5aa040983c784611f8a486a0fcda3ec13005eff6f0515c4ab4aa323f6199cd8,8273
    pantry-tree:
      size: 7322
      sha256: d7351773f7f715279416a9f0c84cc44dc1aeae996d29130a6b86ae776dbfb279
  original:
    hackage: charsetdetect-1.1.0.2
- completed:
    hackage: contiguous-0.5.1@sha256:902b74d8e369fef384c20b116c3c81e65eca2672d79f525ab374fe98ee50e9d4,1757
    pantry-tree:
      size: 442
      sha256: 39ee8ba3b4725ed1057429cd1f613275bfecbc618f289559203bebb1ff4a259e
  original:
    hackage: contiguous-0.5.1
- completed:
    hackage: data-fix-0.3.0@sha256:058a266d1e658500e0ffb8babe68195b0ce06a081dcfc3814afc784b083fd9a5,1645
    pantry-tree:
      size: 261
      sha256: 6cf43af344624e087dbe2f1e96e985de6142e85bb02db8449df6d72bee3c1013
  original:
    hackage: data-fix-0.3.0
- completed:
    hackage: deferred-folds-0.9.11@sha256:785f8e0e2e5c71d453b243ef85c7a4a585c6fd2e9552213ea333cfc52f0b9a1b,2926
    pantry-tree:
      size: 958
      sha256: ffdfebbf1627929e53750d0e9fba3c3a5cbaf1cac0eb4307454707724fd2cbb8
  original:
    hackage: deferred-folds-0.9.11
- completed:
    hackage: dense-int-set-0.3@sha256:4acc31c4bd546df63d39488c7f423d59f1338bf824d2408a5d22fa46d9a8e174,2459
    pantry-tree:
      size: 344
      sha256: 6989760fb9ce1460c997c770a6164d713e37ab097cc8a6378e007b494f4a9a7e
  original:
    hackage: dense-int-set-0.3
- completed:
    hackage: dlist-1.0@sha256:124cb3aa1decebd5171b46601b1f74cca6cfae12d266ace3799b86dd05ef7cb4,3560
    pantry-tree:
      size: 953
      sha256: 8467afe9c94b2756e5703fed0950b51418bd877acbdd72e9dc3488b8f28f4e82
  original:
    hackage: dlist-1.0
- completed:
    hackage: ekg-core-0.1.1.7@sha256:c4356aefea0e1e2f80a236d3b3f81b83b445c1e53519302e96477da0adee2e9f,2039
    pantry-tree:
      size: 1073
      sha256: f403baeb7787c69c5e28f5aa1e94f78d4363beb19362d66f18de4a1aef0723fe
  original:
    hackage: ekg-core-0.1.1.7
- completed:
    hackage: ekg-json-0.1.0.6@sha256:e16efc1b09ae7635db3f0535335ee3e8aa666fe4bf3749783f4022020f6ca3b8,1050
    pantry-tree:
      size: 265
      sha256: 09239a4e3ab0d58be0ac360d41c491df017f4a18ba558fd67909e24f14caece7
  original:
    hackage: ekg-json-0.1.0.6
- completed:
    hackage: eternity-0.1.3@sha256:2ab42436e67e5d43c04a6cdf249adcdebbcbf942c1171ba0efc731fc0737d43c,2864
    pantry-tree:
      size: 674
      sha256: b08d6b33d408c6a787eec124647071304bf21e3275325c4b3f1e9654005bf53f
  original:
    hackage: eternity-0.1.3
- completed:
    hackage: eternity-timestamped-0.4.1@sha256:ec5e4680faeedb1fc3b651c82822b12b78299240c649375bb3d4250365cb5585,1879
    pantry-tree:
      size: 532
      sha256: 4471d55766da8f04124eaea73092ae1b3aabfbd1abc398521ffc18aaa49bad20
  original:
    hackage: eternity-timestamped-0.4.1
- completed:
    hackage: expiring-containers-0.2.2.1@sha256:89bf17535761f0e4a780cefd92ff2b25083832954aca7920faa633d315bae472,2701
    pantry-tree:
      size: 380
      sha256: 3f64c47134579773820fd29978e126815015f54a17e0b6eb1e2d185e834cebdf
  original:
    hackage: expiring-containers-0.2.2.1
- completed:
    hackage: fast-builder-0.1.2.0@sha256:d01db8a5f1ac262e2db0375c47e46660c67ad4145bef64cc7303ade096e461ee,2801
    pantry-tree:
      size: 1058
      sha256: b38174b316e6609a6a45da8989470556c8450e87f60f294ed709dc50d905de67
  original:
    hackage: fast-builder-0.1.2.0
- completed:
    hackage: foldl-1.4.9@sha256:d59eed91637cea1a1a319f731718ae98ec02aaddfeae93a7b251e81e7fbc710d,2337
    pantry-tree:
      size: 909
      sha256: 52e6ccf33596d1f865eca01faeb16876b090bdb33e2e411715ccf9b386bde902
  original:
    hackage: foldl-1.4.9
- completed:
    hackage: hasql-th-0.4.0.8@sha256:e77af01c354fcebb0fc8358a4bb2f7b361329bce28f783d8d6b17fbd5fa43279,2245
    pantry-tree:
      size: 864
      sha256: d3975fb5fdfc16c22ae5296a1d720ffa4cfc3661117d7eba0ad1232e4be527d6
  original:
    hackage: hasql-th-0.4.0.8
- completed:
    hackage: hasql-transaction-0.10.0.3@sha256:0232bb45393d22ca3e3a40823407e70a860894397d46d90466eb17555eaa43e0,2830
    pantry-tree:
      size: 827
      sha256: 993ff3f64b42684c7b25c06190ca92e1a565e810175c701fbca1dfa15f5ee523
  original:
    hackage: hasql-transaction-0.10.0.3
- completed:
    hackage: headed-megaparsec-0.1.0.4@sha256:2888428f8cee84088b196639a2b5d7741d98caaeaa7a68662e54031f0dbf4655,1569
    pantry-tree:
      size: 383
      sha256: 8babe7ad5e12f6569cf0bd7cac342b6f1a1669643469383e41137c61499e2120
  original:
    hackage: headed-megaparsec-0.1.0.4
- completed:
    hackage: hex-text-0.1.0.0@sha256:52dc2cf5ce45f7d86ea5e56e2ac57820f788c10bbb3fe83f6d57e678a426305b,1072
    pantry-tree:
      size: 314
      sha256: 84ce6d618602d39e89e28b1a9cc41f0def4786d7046ac0a742557b5ab5381466
  original:
    hackage: hex-text-0.1.0.0
- completed:
    hackage: int-multimap-0.3.1@sha256:0066f9516d2908065484c1a7ea19ad4dbdf56b626c1cbb5c05e08b98658b9626,2628
    pantry-tree:
      size: 272
      sha256: 182c91e344c361a7fdf9bcc07c26f974ebf9077891207eb2b4e83700c20ed2fe
  original:
    hackage: int-multimap-0.3.1
- completed:
    hackage: json-bytes-builder-0.5.2.1@sha256:24f4c54c03cba9ed5f93ef56f089e0159ecaf67f26323f3aa620f2e5ebb83db7,4031
    pantry-tree:
      size: 1180
      sha256: 6996aa31aef7880bec514a86e54cec0f5211ec272114e11f53120e1a5c41b15d
  original:
    hackage: json-bytes-builder-0.5.2.1
- completed:
    hackage: jsonifier-0.1.0.4@sha256:bf0ca43d31da42fbf3b886f357dd056d3779118f7f84bc0d4c1bf086589c9edf,4148
    pantry-tree:
      size: 1390
      sha256: a5e1574c6f9923fef6984f0af3d0a204182727f3c5b8cf3b8704b8c28714983b
  original:
    hackage: jsonifier-0.1.0.4
- completed:
    hackage: mason-0.2.3@sha256:186ff6306c7d44dbf7b108b87f73a30d45c70cd5c87d6f2a88d300def5542fef,1226
    pantry-tree:
      size: 574
      sha256: 4147c0fd201f849d018f9408e82b75b0313294bb9fff290673dd30729eedf948
  original:
    hackage: mason-0.2.3
- completed:
    hackage: mwc-random-monad-0.7.3.1@sha256:e86d25f8a9f8259ab503d3692a8a21c5aeeb1ecf973aa5e6e6118d1281fb313b,1201
    pantry-tree:
      size: 437
      sha256: e90fd0ad5a9e12547247bc5b8353716a3faad6950c5811548e5c84335dedf24b
  original:
    hackage: mwc-random-monad-0.7.3.1
- completed:
    hackage: neat-interpolation-0.5.1.2@sha256:6a8f04befb39c20896aed9a452f84540dd8ed37efae09a656023b151886b1262,2992
    pantry-tree:
      size: 566
      sha256: 046371778d4cdf1283089d337498cee40906edf3f55ccd1d1e89ac9209d2d083
  original:
    hackage: neat-interpolation-0.5.1.2
- completed:
    hackage: numeric-limits-0.1.0.0@sha256:214bb53112bff315e42c0e9efa4a89e2cc2e9914e6232d923b596f29f9b1afe6,456
    pantry-tree:
      size: 168
      sha256: d3217caf46e2ada396d1fcebb7aa023513fa78ff7e517b7032def53dbc912634
  original:
    hackage: numeric-limits-0.1.0.0
- completed:
    hackage: optics-0.3@sha256:5f62fca47b01ce065bb999724b8cdd45e747537892ee00faeac4b4b20d821aee,6494
    pantry-tree:
      size: 1077
      sha256: 20d41262ffcb59bf63801c9529d639b9a1037be7cc0a812e2379007f151ff463
  original:
    hackage: optics-0.3
- completed:
    hackage: optics-core-0.3.0.1@sha256:50845a47810eb5a5f03dfa9bb1edd8a577fc7ca1702ba4bde68b235f7cb44528,4536
    pantry-tree:
      size: 5031
      sha256: ead4e60c3784aca387744b9afbb2e35d17a9c237595a0aa04e2ecc072789ca63
  original:
    hackage: optics-core-0.3.0.1
- completed:
    hackage: optics-extra-0.3@sha256:b1b9917596a4305069aa95eaf3083afe88c6db3c84ed6f52e926c82d0c56eea9,3382
    pantry-tree:
      size: 1809
      sha256: 1f5bed915d1696d2f217e494f9e2d70929f33d6a9647996c3fa6c36f4f189c9d
  original:
    hackage: optics-extra-0.3
- completed:
    hackage: optics-th-0.3.0.2@sha256:c616aacdd573aa1d5b039937b69071bc177739f5f81bff9ecf29a88d4896444d,2024
    pantry-tree:
      size: 740
      sha256: 252042b4fc7fe5a7c2bc8c6073c20d527d690883572cc8571046be1e7a6e5bfe
  original:
    hackage: optics-th-0.3.0.2
- completed:
    hackage: optima-0.4@sha256:2d5cce1c37f40b179f745ca44b0b22d33f836b22768a9283a3f011809cdd7704,2301
    pantry-tree:
      size: 327
      sha256: d6d7cbeecb80fabcd48e428f360b009e63183eab2f74af922a52546b69072b0b
  original:
    hackage: optima-0.4
- completed:
    hackage: optima-for-hasql-0.1.0.1@sha256:4ddbd39532cfe5a8b545a6d51eb7e21f0713abe04e0a87ef268574c952372678,1605
    pantry-tree:
      size: 454
      sha256: 57ffd2d8818063fdf7761c45e7c0fd34e2d7bfec6abf0c914ec5499a4a506cdb
  original:
    hackage: optima-for-hasql-0.1.0.1
- completed:
    hackage: optparse-applicative-simple-1.1.0.2@sha256:30c8f75ad9ec63924c0dbacd8ba42846d9eb0f4c4ca030d26f22232d17acfccc,2754
    pantry-tree:
      size: 476
      sha256: cec51b9e36e1ec97759b8679ee0bb089353a0651feea9e5f33fa2918613fc1fd
  original:
    hackage: optparse-applicative-simple-1.1.0.2
- completed:
    hackage: postgresql-binary-0.12.3.1@sha256:073c60b1b22305880f06e4d28bb3946cf13f4c718975abca823a540d1da36e6e,6059
    pantry-tree:
      size: 1666
      sha256: 85c957e5eaaab0f3b008f7430fec3d4104e60c536173dd04397d7808f7bf755f
  original:
    hackage: postgresql-binary-0.12.3.1
- completed:
    hackage: postgresql-syntax-0.3.0.3@sha256:b93a73c388811e331327561d85ed268f232be6c7f8f90ff27b2091c64c6aea90,4170
    pantry-tree:
      size: 1141
      sha256: 59f0edcb31c8b30432c1fef4107805cc9e20e7cc2e3d5e2f819789c556c6a386
  original:
    hackage: postgresql-syntax-0.3.0.3
- completed:
    hackage: primitive-extras-0.8@sha256:fca0310150496867f5b9421fe1541ecda87fae17eae44885a29f9c52dd00c8ff,2963
    pantry-tree:
      size: 1105
      sha256: e7c1d26202b80d1fca2ef780ec7fe76ede1275f4d9a996c6d44c08d8de1c45db
  original:
    hackage: primitive-extras-0.8
- completed:
    hackage: primitive-unlifted-0.1.3.0@sha256:a98f827740f5dcf097d885b3a47c32f4462204449620abc9d51b8c4f8619f9e6,1427
    pantry-tree:
      size: 420
      sha256: c882dca2a96b98d02b0d21875b651edb11ac67d90e736c0de7a92c410a19eb7f
  original:
    hackage: primitive-unlifted-0.1.3.0
- completed:
    hackage: ptr-0.16.7.2@sha256:4a91e1342db8e627435a002798d65329a0c09c8632b2e415461b9928785327f9,2686
    pantry-tree:
      size: 1089
      sha256: 061c2c8a357cb4d6a03c915dba627971a28460746dd47f662496ae4f2c91a6b6
  original:
    hackage: ptr-0.16.7.2
- completed:
    hackage: ptr-poker-0.1.1.2@sha256:d45a96afa1dc207e88533c3fa210411b89009f539b070a3b39206155ac71fd28,3551
    pantry-tree:
      size: 1098
      sha256: 0d6cb78a72917139812773dd760768938bbc03d64e47484bb6a6e4e1cc1e71c1
  original:
    hackage: ptr-poker-0.1.1.2
- completed:
    hackage: punycode-2.0@sha256:dce7f481b5eedc750cf49d21a80b839cb366afd2d29bc506acca5ad9d0c06a8f,1503
    pantry-tree:
      size: 473
      sha256: 946dbffdad0a92dbdeeaaabb1c7ac2451f3002561407068543fcd860cd860f15
  original:
    hackage: punycode-2.0
- completed:
    hackage: rebase-1.10.0.1@sha256:da9a6cfc24b2e37aee5f39c1565e88a38f65dcf6ef71543fa5ca1244ffbd86b2,13909
    pantry-tree:
      size: 29198
      sha256: 0f62a37355397f35d13833cbd2a14f7de2e886386f0309c3817e8f149abb08e3
  original:
    hackage: rebase-1.10.0.1
- completed:
    hackage: rerebase-1.10.0.1@sha256:87fea580b39f0b591f7a5967a1507cdb7326008ca04238beb7ca23067d49eb3e,9810
    pantry-tree:
      size: 26546
      sha256: 122ef54905ca6763006983a781efe7e91f0792f6a816dad6d480b12dcaf8e22b
  original:
    hackage: rerebase-1.10.0.1
- completed:
    hackage: run-st-0.1.1.0@sha256:a43245bb23984089016772481bf52bfe63eaff0c5040303f69c9b15e80872fdc,883
    pantry-tree:
      size: 269
      sha256: 06d5d7ecf185a26c15e48cda6c30e8865dae715c528a31466701272fae36d822
  original:
    hackage: run-st-0.1.1.0
- completed:
    hackage: slave-thread-1.0.3@sha256:74a7fcf223b1f615d223bd4fac96298ef81bd240ca24621a9aea6cabfeb022d8,4109
    pantry-tree:
      size: 426
      sha256: f1e4f775e50edb8a5c342da22f75ce6b01dd22f09daaadc686e5110eb47dab78
  original:
    hackage: slave-thread-1.0.3
- completed:
    hackage: stm-containers-1.1.0.4@sha256:f83a683357b6e3b1dda3e70d2077a37224ed534df1f74c4e11f3f6daa7945c5b,3248
    pantry-tree:
      size: 761
      sha256: 059c5a2d657d392aca0a887648f57380d6321734dc8879c056a44d4414308ac6
  original:
    hackage: stm-containers-1.1.0.4
- completed:
    hackage: stm-hamt-1.2.0.4@sha256:7957497c022554b7599e790696d1a3e56359ad99e5da36a251894c626ca1f60a,3970
    pantry-tree:
      size: 1009
      sha256: d9a8be48da86bd4a2ba9d52ea29b9a74f1b686d439ba1bbfba04ab1a002391da
  original:
    hackage: stm-hamt-1.2.0.4
- completed:
    hackage: strelka-2.0.5@sha256:8bcbd63b1460ec374c0cc249806272f78d94549aa86d58977ef46cf31f9aa5ea,3044
    pantry-tree:
      size: 1191
      sha256: cae54883a4a5f41a0ac19bfec6c3e0428967640dd59ae29a3fc5c57ab909178e
  original:
    hackage: strelka-2.0.5
- completed:
    hackage: strelka-core-0.3.1@sha256:0f1f4d63b36fca12bb89613df74fef66d3d00c63cdaf1db5bc9c3fa77b51d8f0,1796
    pantry-tree:
      size: 527
      sha256: 2dfe8b20db316fd89a9f6fbaa259997a18e94726db52c38857d2c7e9915a1021
  original:
    hackage: strelka-core-0.3.1
- completed:
    hackage: strelka-wai-1.0.1.1@sha256:a281bf52fe0f9e0df939dc4f80cf52e68b3f8b6f813ef4db3b86cd030cbdcdf3,1578
    pantry-tree:
      size: 218
      sha256: 30380315a9a825ae3bbc0c5cb9ea7229afda73cbb22f95ea112d53bbe791731f
  original:
    hackage: strelka-wai-1.0.1.1
- completed:
    hackage: strict-0.4@sha256:1b50c7c9c636c3a1bbc7f8873b9be48f6ca0faca4df6eec6a014de6208fb1c0e,4200
    pantry-tree:
      size: 654
      sha256: fdf523b8990567d69277b999d68d492ed0b3a98a89b1acdfb3087e3b95eb9908
  original:
    hackage: strict-0.4
- completed:
    hackage: timestamp-0.2@sha256:103fe49ce206922d3b14d57d8aff25eaf03c70fef5fcdaeaeb8416aaee163e51,1598
    pantry-tree:
      size: 509
      sha256: 51dc0ab22269973eec829ae476fb3102cfe155ffde2fd1d039dedf65c7842031
  original:
    hackage: timestamp-0.2
- completed:
    hackage: tuples-0.1.0.0@sha256:7006c1cab721ad3e39cdbf1ccb07ec050b94d654cc6e39277d46241eee6ac7c9,1088
    pantry-tree:
      size: 320
      sha256: 57009cc671ed8e43738be3bf7b1392461ad086083df633a2f4f9c7206a14a79c
  original:
    hackage: tuples-0.1.0.0
- completed:
    hackage: unordered-containers-0.2.13.0@sha256:6310c636f92ed4908fdd0de582b6be31c2851c7b5f2ec14e9f416eb94df7a078,4978
    pantry-tree:
      size: 1388
      sha256: 0cdd70d603c621e2b184ff7baa232af8a88a01745710b975b97df63e92c700dd
  original:
    hackage: unordered-containers-0.2.13.0
- completed:
    hackage: url-decoders-0.2.1@sha256:2363e4c271d9e60ac11c5ecdf8cb6c0e30f7931cf124c5ad1c6ff964452906ec,4725
    pantry-tree:
      size: 643
      sha256: cf9cd6b72ccd39039f4323b8119421e27a6a00367b4b9a5c282b3c082f09e760
  original:
    hackage: url-decoders-0.2.1
- completed:
    hackage: vector-extras-0.2.1.1@sha256:be03304b0f08283c2d269490d80976ab9580c7627635ae94f3ac402cb85429e4,1709
    pantry-tree:
      size: 398
      sha256: 84852ae43ba5f158d8977cec242230158c5e0430f5d82e3f1966d956544aeeec
  original:
    hackage: vector-extras-0.2.1.1
- completed:
    hackage: vector-shuffling-1.1@sha256:c296c3a8571d8cee52a04de577284c639496e45b695d323804148840a0bee00c,1479
    pantry-tree:
      size: 384
      sha256: b6e528bcc95d161dd1b1ee60e181cfd9320edf434efa9e823b40df3ad5ce1b57
  original:
    hackage: vector-shuffling-1.1
- completed:
    name: distillery
    version: '0.1'
    git: https://github.com/nikita-volkov/distillery
    pantry-tree:
      size: 302
      sha256: ad96f8f6b74dd275cb2ef5c265d2346ca7ca204ef5ce0039b1551a135b761c67
    commit: 2554c2494418d29e433bf3dbd10b99deb8c0cb1e
  original:
    git: https://github.com/nikita-volkov/distillery
    commit: 2554c2494418d29e433bf3dbd10b99deb8c0cb1e
- completed:
    name: domain
    version: '0.1'
    git: https://github.com/nikita-volkov/domain
    pantry-tree:
      size: 1456
      sha256: 6e42b92f1595c9be924283ae32646b1376b5c601b69d29f2abf631da21523753
    commit: e02155a50d74c36c90a9ab4b53d1a5cc429036ba
  original:
    git: https://github.com/nikita-volkov/domain
    commit: e02155a50d74c36c90a9ab4b53d1a5cc429036ba
- completed:
    name: domain-optics
    version: '0.1'
    git: https://github.com/nikita-volkov/domain-optics
    pantry-tree:
      size: 695
      sha256: d28637363b10c4ac64dae730026e5860373bde03825551e88bdac89b669ac764
    commit: d98d9050478c2ac30c4045e1121384e36fec1883
  original:
    git: https://github.com/nikita-volkov/domain-optics
    commit: d98d9050478c2ac30c4045e1121384e36fec1883
- completed:
    name: ekg
    version: 0.4.0.15
    git: https://github.com/nikita-volkov/ekg
    pantry-tree:
      size: 1597
      sha256: 2789ba32e50d1a0e71773c2da748e8579dba588a41e917988b9b3481277e39bd
    commit: 46d92e82044eaeb52d031612fd07882714d609ae
  original:
    git: https://github.com/nikita-volkov/ekg
    commit: 46d92e82044eaeb52d031612fd07882714d609ae
- completed:
    name: json-ast
    version: '0.5'
    git: https://github.com/nikita-volkov/json-ast
    pantry-tree:
      size: 217
      sha256: 820cb5f757165a70cb45ebab9d5e224706d4206bc78db8e679f4c3e92311fe1f
    commit: f37ec23bd3d8d0f7a5f2b3fbe605f74453b0ed04
  original:
    git: https://github.com/nikita-volkov/json-ast
    commit: f37ec23bd3d8d0f7a5f2b3fbe605f74453b0ed04
- completed:
    name: lean-http-client
    version: '0.1'
    git: https://github.com/nikita-volkov/lean-http-client
    pantry-tree:
      size: 429
      sha256: bad87e0bedb5e1d09e46a5773ed283edfe614b91944764d6c408174eec3a11bb
    commit: 934e2e9495b103d21fa8a2eecbec80215ec4e4f2
  original:
    git: https://github.com/nikita-volkov/lean-http-client
    commit: 934e2e9495b103d21fa8a2eecbec80215ec4e4f2
- completed:
    name: most
    version: '0.1'
    git: https://github.com/nikita-volkov/most.hs
    pantry-tree:
      size: 412
      sha256: 016076c365a2d788ddaa4bd97f85724cae81d8ea88abaae5ddc420c92359ad19
    commit: acfb227620f9b39922af49bbd02354c293c2fa9e
  original:
    git: https://github.com/nikita-volkov/most.hs
    commit: acfb227620f9b39922af49bbd02354c293c2fa9e
- completed:
    name: reduction
    version: '0.1'
    git: https://github.com/nikita-volkov/reduction
    pantry-tree:
      size: 555
      sha256: c5f2fa1a4e9b7a086cf21c46823757446c52d7157006b31cf395490773629ded
    commit: 6045f611ae391b750d7f2620d19844394b9e5166
  original:
    git: https://github.com/nikita-volkov/reduction
    commit: 6045f611ae391b750d7f2620d19844394b9e5166
- completed:
    name: th-lego
    version: '0.2'
    git: https://github.com/nikita-volkov/th-lego
    pantry-tree:
      size: 477
      sha256: 3a2fb2f2983798a1d4f04fa9f23f02f3a68746726b894d9981bd95071251edba
    commit: 1b407bbabca344ff2fade3ccc75f4edc0b1e33ab
  original:
    git: https://github.com/nikita-volkov/th-lego
    commit: 1b407bbabca344ff2fade3ccc75f4edc0b1e33ab
- completed:
    name: theatre
    version: 1.0.1
    git: https://github.com/nikita-volkov/theatre
    pantry-tree:
      size: 358
      sha256: 758fb21a706533dfe7b805fc1b4b073e4be845e5dd734a8534857d5ce364027b
    commit: 764977a8b73da0f30e74749226b325b129c4ffe0
  original:
    git: https://github.com/nikita-volkov/theatre
    commit: 764977a8b73da0f30e74749226b325b129c4ffe0
- completed:
    name: transition
    version: '0.1'
    git: https://github.com/nikita-volkov/transition
    pantry-tree:
      size: 292
      sha256: 0d7a081511578745d536ee95696b95ac443f8cda5ff4746f6b7277f878c1b126
    commit: bc24caf848387fb6732e385064e46fc0a63885a0
  original:
    git: https://github.com/nikita-volkov/transition
    commit: bc24caf848387fb6732e385064e46fc0a63885a0
- completed:
    name: yaml-unscrambler
    version: '0.1'
    git: https://github.com/nikita-volkov/yaml-unscrambler
    pantry-tree:
      size: 1369
      sha256: 1e8a0ea90b75595392312f11bc39fbac7654fe21e8e7b44d31d39c257899b89c
    commit: 6192f392a27d42890e2332c99f351e2bff4b7558
  original:
    git: https://github.com/nikita-volkov/yaml-unscrambler
    commit: 6192f392a27d42890e2332c99f351e2bff4b7558
snapshots:
- completed:
    size: 2777
    url: https://raw.githubusercontent.com/nikita-volkov/stack-snapshot/d3fc400a8c20922536a3b0d93b0265a0593f26b4/snapshot.yaml
    sha256: a5428024c6ef3edc4326c256872f1b87590ea8959f6dafcfdc7e1d9f908145d1
  original:
    url: https://raw.githubusercontent.com/nikita-volkov/stack-snapshot/d3fc400a8c20922536a3b0d93b0265a0593f26b4/snapshot.yaml
- completed:
    size: 532177
    url: https://raw.githubusercontent.com/commercialhaskell/stackage-snapshots/master/lts/16/20.yaml
    sha256: 0e14ba5603f01e8496e8984fd84b545a012ca723f51a098c6c9d3694e404dc6d
  original: lts-16.20
